
Microsoft Visual Studio Solution File, Format Version 12.00
# Visual Studio Version 17
VisualStudioVersion = 17.14.36401.2 d17.14
MinimumVisualStudioVersion = 10.0.40219.1
Project("{FAE04EC0-301F-11D3-BF4B-00C04F79EFBC}") = "SchoolProject.Api", "SchoolProject.Api\SchoolProject.Api.csproj", "{A3559224-3A36-4082-AD27-104B5CBAB566}"
EndProject
Project("{FAE04EC0-301F-11D3-BF4B-00C04F79EFBC}") = "Data", "Data\Data.csproj", "{FB1D4612-2DB5-411F-8607-21F8ABE334BA}"
EndProject
Project("{FAE04EC0-301F-11D3-BF4B-00C04F79EFBC}") = "Infrastructure", "infrastructure\Infrastructure.csproj", "{46FE140A-2C7A-495E-8526-536C692AF167}"
EndProject
Project("{FAE04EC0-301F-11D3-BF4B-00C04F79EFBC}") = "Service", "Service\Service.csproj", "{A0A2C3E1-9A7E-4292-9AA4-E9869D8E85B4}"
EndProject
Project("{FAE04EC0-301F-11D3-BF4B-00C04F79EFBC}") = "Core", "Core\Core.csproj", "{32E3E3F4-72DB-466F-A96D-86648DE82962}"
EndProject
Global
	GlobalSection(SolutionConfigurationPlatforms) = preSolution
		Debug|Any CPU = Debug|Any CPU
		Release|Any CPU = Release|Any CPU
	EndGlobalSection
	GlobalSection(ProjectConfigurationPlatforms) = postSolution
		{A3559224-3A36-4082-AD27-104B5CBAB566}.Debug|Any CPU.ActiveCfg = Debug|Any CPU
		{A3559224-3A36-4082-AD27-104B5CBAB566}.Debug|Any CPU.Build.0 = Debug|Any CPU
		{A3559224-3A36-4082-AD27-104B5CBAB566}.Release|Any CPU.ActiveCfg = Release|Any CPU
		{A3559224-3A36-4082-AD27-104B5CBAB566}.Release|Any CPU.Build.0 = Release|Any CPU
		{FB1D4612-2DB5-411F-8607-21F8ABE334BA}.Debug|Any CPU.ActiveCfg = Debug|Any CPU
		{FB1D4612-2DB5-411F-8607-21F8ABE334BA}.Debug|Any CPU.Build.0 = Debug|Any CPU
		{FB1D4612-2DB5-411F-8607-21F8ABE334BA}.Release|Any CPU.ActiveCfg = Release|Any CPU
		{FB1D4612-2DB5-411F-8607-21F8ABE334BA}.Release|Any CPU.Build.0 = Release|Any CPU
		{46FE140A-2C7A-495E-8526-536C692AF167}.Debug|Any CPU.ActiveCfg = Debug|Any CPU
		{46FE140A-2C7A-495E-8526-536C692AF167}.Debug|Any CPU.Build.0 = Debug|Any CPU
		{46FE140A-2C7A-495E-8526-536C692AF167}.Release|Any CPU.ActiveCfg = Release|Any CPU
		{46FE140A-2C7A-495E-8526-536C692AF167}.Release|Any CPU.Build.0 = Release|Any CPU
		{A0A2C3E1-9A7E-4292-9AA4-E9869D8E85B4}.Debug|Any CPU.ActiveCfg = Debug|Any CPU
		{A0A2C3E1-9A7E-4292-9AA4-E9869D8E85B4}.Debug|Any CPU.Build.0 = Debug|Any CPU
		{A0A2C3E1-9A7E-4292-9AA4-E9869D8E85B4}.Release|Any CPU.ActiveCfg = Release|Any CPU
		{A0A2C3E1-9A7E-4292-9AA4-E9869D8E85B4}.Release|Any CPU.Build.0 = Release|Any CPU
		{32E3E3F4-72DB-466F-A96D-86648DE82962}.Debug|Any CPU.ActiveCfg = Debug|Any CPU
		{32E3E3F4-72DB-466F-A96D-86648DE82962}.Debug|Any CPU.Build.0 = Debug|Any CPU
		{32E3E3F4-72DB-466F-A96D-86648DE82962}.Release|Any CPU.ActiveCfg = Release|Any CPU
		{32E3E3F4-72DB-466F-A96D-86648DE82962}.Release|Any CPU.Build.0 = Release|Any CPU
	EndGlobalSection
	GlobalSection(SolutionProperties) = preSolution
		HideSolutionNode = FALSE
	EndGlobalSection
	GlobalSection(ExtensibilityGlobals) = postSolution
		SolutionGuid = {D97CE585-0B8E-4DAE-8374-F52826D94D60}
	EndGlobalSection
EndGlobal
